
Microsoft Visual Studio Solution File, Format Version 12.00
# Visual Studio Version 16
VisualStudioVersion = 16.0.30621.155
MinimumVisualStudioVersion = 10.0.40219.1
Project("{FAE04EC0-301F-11D3-BF4B-00C04F79EFBC}") = "winpac", "winpac.csproj", "{3F4E1036-29F2-42FF-8594-72AE7BCF9E63}"
EndProject
Global
	GlobalSection(SolutionConfigurationPlatforms) = preSolution
		Debug|Any CPU = Debug|Any CPU
		Release|Any CPU = Release|Any CPU
	EndGlobalSection
	GlobalSection(ProjectConfigurationPlatforms) = postSolution
		{3F4E1036-29F2-42FF-8594-72AE7BCF9E63}.Debug|Any CPU.ActiveCfg = Debug|Any CPU
		{3F4E1036-29F2-42FF-8594-72AE7BCF9E63}.Debug|Any CPU.Build.0 = Debug|Any CPU
		{3F4E1036-29F2-42FF-8594-72AE7BCF9E63}.Release|Any CPU.ActiveCfg = Release|Any CPU
		{3F4E1036-29F2-42FF-8594-72AE7BCF9E63}.Release|Any CPU.Build.0 = Release|Any CPU
	EndGlobalSection
	GlobalSection(SolutionProperties) = preSolution
		HideSolutionNode = FALSE
	EndGlobalSection
	GlobalSection(ExtensibilityGlobals) = postSolution
		SolutionGuid = {DBDB50F4-AA5D-48C8-93F2-A7D1741E6C37}
	EndGlobalSection
EndGlobal
